{
  "requires": true,
  "lockfileVersion": 1,
  "dependencies": {
    "memont": {
      "version": "0.0.0-underconstruction",
      "resolved": "https://registry.npmjs.org/memont/-/memont-0.0.0-underconstruction.tgz",
      "integrity": "sha512-k4pRuQq7Q9L1r1/9MRi+wKsS2S7YItdUg1Qb6mH+OAUgI5XFbpDdOdkCi+N0zZ8+i/+hCYlYwZ9VJcJ/R1LFWQ=="
    }
  }
}
